
Microsoft Visual Studio Solution File, Format Version 12.00
# Visual Studio Version 16
VisualStudioVersion = 16.0.29728.190
MinimumVisualStudioVersion = 10.0.40219.1
Project("{2150E333-8FDC-42A3-9474-1A3956D46DE8}") = "Src", "Src", "{041641ED-DE87-4A82-8D70-2D2DED824814}"
EndProject
Project("{2150E333-8FDC-42A3-9474-1A3956D46DE8}") = "Core", "Core", "{DF7013B9-4EBD-4934-BFB1-9ADE6D86B099}"
EndProject
Project("{9A19103F-16F7-4668-BE54-9A1E7A4F7556}") = "Domain", "Src\Core\Domain\Domain\Domain.csproj", "{1DCF6DD9-7905-4CDA-9AB8-C5AEF187FA26}"
EndProject
Project("{9A19103F-16F7-4668-BE54-9A1E7A4F7556}") = "Application", "Src\Core\Application\Application\Application.csproj", "{FBDA75B5-AA0C-4247-88D2-96EF0C9E5A4C}"
EndProject
Project("{9A19103F-16F7-4668-BE54-9A1E7A4F7556}") = "Common", "Src\Core\Common\Common\Common.csproj", "{6581A6E8-85D3-4047-BDB2-8F6F367EA6A0}"
EndProject
Project("{2150E333-8FDC-42A3-9474-1A3956D46DE8}") = "Infrastructure", "Infrastructure", "{C1070BBD-E7A4-478F-B2E2-E3E804C059F8}"
EndProject
Project("{9A19103F-16F7-4668-BE54-9A1E7A4F7556}") = "Persistence", "Src\Infrastructure\Persistence\Persistence\Persistence.csproj", "{CE2AF594-1103-4B36-92E1-150366E885E3}"
EndProject
Project("{9A19103F-16F7-4668-BE54-9A1E7A4F7556}") = "DataExecutor", "Src\Infrastructure\DataExecutor\DataExecutor.csproj", "{6F4695BB-DD9A-4EDB-9316-44130B9111E1}"
EndProject
Project("{9A19103F-16F7-4668-BE54-9A1E7A4F7556}") = "HttpClientExecutor", "Src\Infrastructure\HttpClientExecutor\HttpClientExecutor.csproj", "{74990643-CEFD-4DFF-9C4C-2072E922D2BC}"
EndProject
Project("{2150E333-8FDC-42A3-9474-1A3956D46DE8}") = "Presentation", "Presentation", "{B463FE72-814A-4326-83D5-213441DE51F5}"
EndProject
Project("{2150E333-8FDC-42A3-9474-1A3956D46DE8}") = "Functions", "Functions", "{C578111B-B653-4547-941E-2B90297C47E5}"
EndProject
Project("{9A19103F-16F7-4668-BE54-9A1E7A4F7556}") = "Import.Product", "Src\Presentation\Functions\Import.Product\Import.Product.csproj", "{DF84BB90-9FBB-49AA-BF98-2603F4012758}"
EndProject
Project("{2150E333-8FDC-42A3-9474-1A3956D46DE8}") = "Api", "Api", "{029C0E65-0FE0-4725-9A7B-AEEB5B9692A8}"
EndProject
Project("{9A19103F-16F7-4668-BE54-9A1E7A4F7556}") = "CatalogueApi", "Src\Presentation\Api\CatalogueApi\CatalogueApi.csproj", "{BB073C88-D6AD-4665-A1FC-229408E9011E}"
EndProject
Project("{9A19103F-16F7-4668-BE54-9A1E7A4F7556}") = "AuthApi", "Src\Presentation\Api\AuthApi\AuthApi.csproj", "{18DA5613-C951-4935-8FC3-E95D412E07E4}"
EndProject
Project("{FAE04EC0-301F-11D3-BF4B-00C04F79EFBC}") = "MediatR.Extensions", "Src\Infrastructure\MediatR.Extensions\MediatR.Extensions.csproj", "{7E006E35-2976-458A-BF44-862F2B61625D}"
EndProject
Global
	GlobalSection(SolutionConfigurationPlatforms) = preSolution
		Debug|Any CPU = Debug|Any CPU
		Release|Any CPU = Release|Any CPU
	EndGlobalSection
	GlobalSection(ProjectConfigurationPlatforms) = postSolution
		{1DCF6DD9-7905-4CDA-9AB8-C5AEF187FA26}.Debug|Any CPU.ActiveCfg = Debug|Any CPU
		{1DCF6DD9-7905-4CDA-9AB8-C5AEF187FA26}.Debug|Any CPU.Build.0 = Debug|Any CPU
		{1DCF6DD9-7905-4CDA-9AB8-C5AEF187FA26}.Release|Any CPU.ActiveCfg = Release|Any CPU
		{1DCF6DD9-7905-4CDA-9AB8-C5AEF187FA26}.Release|Any CPU.Build.0 = Release|Any CPU
		{FBDA75B5-AA0C-4247-88D2-96EF0C9E5A4C}.Debug|Any CPU.ActiveCfg = Debug|Any CPU
		{FBDA75B5-AA0C-4247-88D2-96EF0C9E5A4C}.Debug|Any CPU.Build.0 = Debug|Any CPU
		{FBDA75B5-AA0C-4247-88D2-96EF0C9E5A4C}.Release|Any CPU.ActiveCfg = Release|Any CPU
		{FBDA75B5-AA0C-4247-88D2-96EF0C9E5A4C}.Release|Any CPU.Build.0 = Release|Any CPU
		{6581A6E8-85D3-4047-BDB2-8F6F367EA6A0}.Debug|Any CPU.ActiveCfg = Debug|Any CPU
		{6581A6E8-85D3-4047-BDB2-8F6F367EA6A0}.Debug|Any CPU.Build.0 = Debug|Any CPU
		{6581A6E8-85D3-4047-BDB2-8F6F367EA6A0}.Release|Any CPU.ActiveCfg = Release|Any CPU
		{6581A6E8-85D3-4047-BDB2-8F6F367EA6A0}.Release|Any CPU.Build.0 = Release|Any CPU
		{CE2AF594-1103-4B36-92E1-150366E885E3}.Debug|Any CPU.ActiveCfg = Debug|Any CPU
		{CE2AF594-1103-4B36-92E1-150366E885E3}.Debug|Any CPU.Build.0 = Debug|Any CPU
		{CE2AF594-1103-4B36-92E1-150366E885E3}.Release|Any CPU.ActiveCfg = Release|Any CPU
		{CE2AF594-1103-4B36-92E1-150366E885E3}.Release|Any CPU.Build.0 = Release|Any CPU
		{6F4695BB-DD9A-4EDB-9316-44130B9111E1}.Debug|Any CPU.ActiveCfg = Debug|Any CPU
		{6F4695BB-DD9A-4EDB-9316-44130B9111E1}.Debug|Any CPU.Build.0 = Debug|Any CPU
		{6F4695BB-DD9A-4EDB-9316-44130B9111E1}.Release|Any CPU.ActiveCfg = Release|Any CPU
		{6F4695BB-DD9A-4EDB-9316-44130B9111E1}.Release|Any CPU.Build.0 = Release|Any CPU
		{74990643-CEFD-4DFF-9C4C-2072E922D2BC}.Debug|Any CPU.ActiveCfg = Debug|Any CPU
		{74990643-CEFD-4DFF-9C4C-2072E922D2BC}.Debug|Any CPU.Build.0 = Debug|Any CPU
		{74990643-CEFD-4DFF-9C4C-2072E922D2BC}.Release|Any CPU.ActiveCfg = Release|Any CPU
		{74990643-CEFD-4DFF-9C4C-2072E922D2BC}.Release|Any CPU.Build.0 = Release|Any CPU
		{DF84BB90-9FBB-49AA-BF98-2603F4012758}.Debug|Any CPU.ActiveCfg = Debug|Any CPU
		{DF84BB90-9FBB-49AA-BF98-2603F4012758}.Debug|Any CPU.Build.0 = Debug|Any CPU
		{DF84BB90-9FBB-49AA-BF98-2603F4012758}.Release|Any CPU.ActiveCfg = Release|Any CPU
		{DF84BB90-9FBB-49AA-BF98-2603F4012758}.Release|Any CPU.Build.0 = Release|Any CPU
		{BB073C88-D6AD-4665-A1FC-229408E9011E}.Debug|Any CPU.ActiveCfg = Debug|Any CPU
		{BB073C88-D6AD-4665-A1FC-229408E9011E}.Debug|Any CPU.Build.0 = Debug|Any CPU
		{BB073C88-D6AD-4665-A1FC-229408E9011E}.Release|Any CPU.ActiveCfg = Release|Any CPU
		{BB073C88-D6AD-4665-A1FC-229408E9011E}.Release|Any CPU.Build.0 = Release|Any CPU
		{18DA5613-C951-4935-8FC3-E95D412E07E4}.Debug|Any CPU.ActiveCfg = Debug|Any CPU
		{18DA5613-C951-4935-8FC3-E95D412E07E4}.Debug|Any CPU.Build.0 = Debug|Any CPU
		{18DA5613-C951-4935-8FC3-E95D412E07E4}.Release|Any CPU.ActiveCfg = Release|Any CPU
		{18DA5613-C951-4935-8FC3-E95D412E07E4}.Release|Any CPU.Build.0 = Release|Any CPU
		{7E006E35-2976-458A-BF44-862F2B61625D}.Debug|Any CPU.ActiveCfg = Debug|Any CPU
		{7E006E35-2976-458A-BF44-862F2B61625D}.Debug|Any CPU.Build.0 = Debug|Any CPU
		{7E006E35-2976-458A-BF44-862F2B61625D}.Release|Any CPU.ActiveCfg = Release|Any CPU
		{7E006E35-2976-458A-BF44-862F2B61625D}.Release|Any CPU.Build.0 = Release|Any CPU
	EndGlobalSection
	GlobalSection(SolutionProperties) = preSolution
		HideSolutionNode = FALSE
	EndGlobalSection
	GlobalSection(NestedProjects) = preSolution
		{DF7013B9-4EBD-4934-BFB1-9ADE6D86B099} = {041641ED-DE87-4A82-8D70-2D2DED824814}
		{1DCF6DD9-7905-4CDA-9AB8-C5AEF187FA26} = {DF7013B9-4EBD-4934-BFB1-9ADE6D86B099}
		{FBDA75B5-AA0C-4247-88D2-96EF0C9E5A4C} = {DF7013B9-4EBD-4934-BFB1-9ADE6D86B099}
		{6581A6E8-85D3-4047-BDB2-8F6F367EA6A0} = {DF7013B9-4EBD-4934-BFB1-9ADE6D86B099}
		{C1070BBD-E7A4-478F-B2E2-E3E804C059F8} = {041641ED-DE87-4A82-8D70-2D2DED824814}
		{CE2AF594-1103-4B36-92E1-150366E885E3} = {C1070BBD-E7A4-478F-B2E2-E3E804C059F8}
		{6F4695BB-DD9A-4EDB-9316-44130B9111E1} = {C1070BBD-E7A4-478F-B2E2-E3E804C059F8}
		{74990643-CEFD-4DFF-9C4C-2072E922D2BC} = {C1070BBD-E7A4-478F-B2E2-E3E804C059F8}
		{B463FE72-814A-4326-83D5-213441DE51F5} = {041641ED-DE87-4A82-8D70-2D2DED824814}
		{C578111B-B653-4547-941E-2B90297C47E5} = {B463FE72-814A-4326-83D5-213441DE51F5}
		{DF84BB90-9FBB-49AA-BF98-2603F4012758} = {C578111B-B653-4547-941E-2B90297C47E5}
		{029C0E65-0FE0-4725-9A7B-AEEB5B9692A8} = {B463FE72-814A-4326-83D5-213441DE51F5}
		{BB073C88-D6AD-4665-A1FC-229408E9011E} = {029C0E65-0FE0-4725-9A7B-AEEB5B9692A8}
		{18DA5613-C951-4935-8FC3-E95D412E07E4} = {029C0E65-0FE0-4725-9A7B-AEEB5B9692A8}
		{7E006E35-2976-458A-BF44-862F2B61625D} = {C1070BBD-E7A4-478F-B2E2-E3E804C059F8}
	EndGlobalSection
	GlobalSection(ExtensibilityGlobals) = postSolution
		SolutionGuid = {C0971634-AF8B-4212-A8CD-3E6A1858B014}
	EndGlobalSection
EndGlobal
